// !$*UTF8*$!
{
	archiveVersion = 1;
	classes = {
	};
	objectVersion = 77;
	objects = {

/* Begin PBXBuildFile section */
		5AD506402D16B31200E43865 /* Localizable.xcstrings in Resources */ = {isa = PBXBuildFile; fileRef = 5AD5063F2D16B31200E43865 /* Localizable.xcstrings */; };
		5AD5065E2D17229500E43865 /* WidgetKit.framework in Frameworks */ = {isa = PBXBuildFile; fileRef = 5AD5065D2D17229500E43865 /* WidgetKit.framework */; };
		5AD506602D17229500E43865 /* SwiftUI.framework in Frameworks */ = {isa = PBXBuildFile; fileRef = 5AD5065F2D17229500E43865 /* SwiftUI.framework */; };
		5AD506712D17229700E43865 /* TrainUpWidgetExtension.appex in Embed Foundation Extensions */ = {isa = PBXBuildFile; fileRef = 5AD5065B2D17229500E43865 /* TrainUpWidgetExtension.appex */; settings = {ATTRIBUTES = (RemoveHeadersOnCopy, ); }; };
/* End PBXBuildFile section */

/* Begin PBXContainerItemProxy section */
		5AD505F92D168B8600E43865 /* PBXContainerItemProxy */ = {
			isa = PBXContainerItemProxy;
			containerPortal = 5AD505DE2D168B8500E43865 /* Project object */;
			proxyType = 1;
			remoteGlobalIDString = 5AD505E52D168B8500E43865;
			remoteInfo = TrainUp;
		};
		5AD506032D168B8600E43865 /* PBXContainerItemProxy */ = {
			isa = PBXContainerItemProxy;
			containerPortal = 5AD505DE2D168B8500E43865 /* Project object */;
			proxyType = 1;
			remoteGlobalIDString = 5AD505E52D168B8500E43865;
			remoteInfo = TrainUp;
		};
		5AD5066F2D17229700E43865 /* PBXContainerItemProxy */ = {
			isa = PBXContainerItemProxy;
			containerPortal = 5AD505DE2D168B8500E43865 /* Project object */;
			proxyType = 1;
			remoteGlobalIDString = 5AD5065A2D17229500E43865;
			remoteInfo = TrainUpWidgetExtension;
		};
/* End PBXContainerItemProxy section */

/* Begin PBXCopyFilesBuildPhase section */
		5AD506762D17229700E43865 /* Embed Foundation Extensions */ = {
			isa = PBXCopyFilesBuildPhase;
			buildActionMask = 2147483647;
			dstPath = "";
			dstSubfolderSpec = 13;
			files = (
				5AD506712D17229700E43865 /* TrainUpWidgetExtension.appex in Embed Foundation Extensions */,
			);
			name = "Embed Foundation Extensions";
			runOnlyForDeploymentPostprocessing = 0;
		};
/* End PBXCopyFilesBuildPhase section */

/* Begin PBXFileReference section */
		5AD505E62D168B8500E43865 /* TrainUp.app */ = {isa = PBXFileReference; explicitFileType = wrapper.application; includeInIndex = 0; path = TrainUp.app; sourceTree = BUILT_PRODUCTS_DIR; };
		5AD505F82D168B8600E43865 /* TrainUpTests.xctest */ = {isa = PBXFileReference; explicitFileType = wrapper.cfbundle; includeInIndex = 0; path = TrainUpTests.xctest; sourceTree = BUILT_PRODUCTS_DIR; };
		5AD506022D168B8600E43865 /* TrainUpUITests.xctest */ = {isa = PBXFileReference; explicitFileType = wrapper.cfbundle; includeInIndex = 0; path = TrainUpUITests.xctest; sourceTree = BUILT_PRODUCTS_DIR; };
		5AD5063F2D16B31200E43865 /* Localizable.xcstrings */ = {isa = PBXFileReference; lastKnownFileType = text.json.xcstrings; path = Localizable.xcstrings; sourceTree = "<group>"; };
		5AD5065B2D17229500E43865 /* TrainUpWidgetExtension.appex */ = {isa = PBXFileReference; explicitFileType = "wrapper.app-extension"; includeInIndex = 0; path = TrainUpWidgetExtension.appex; sourceTree = BUILT_PRODUCTS_DIR; };
		5AD5065D2D17229500E43865 /* WidgetKit.framework */ = {isa = PBXFileReference; lastKnownFileType = wrapper.framework; name = WidgetKit.framework; path = System/Library/Frameworks/WidgetKit.framework; sourceTree = SDKROOT; };
		5AD5065F2D17229500E43865 /* SwiftUI.framework */ = {isa = PBXFileReference; lastKnownFileType = wrapper.framework; name = SwiftUI.framework; path = System/Library/Frameworks/SwiftUI.framework; sourceTree = SDKROOT; };
/* End PBXFileReference section */

/* Begin PBXFileSystemSynchronizedBuildFileExceptionSet section */
		5AD506722D17229700E43865 /* Exceptions for "TrainUpWidget" folder in "TrainUpWidgetExtension" target */ = {
			isa = PBXFileSystemSynchronizedBuildFileExceptionSet;
			membershipExceptions = (
				Info.plist,
			);
			target = 5AD5065A2D17229500E43865 /* TrainUpWidgetExtension */;
		};
		5AD506862D186D1D00E43865 /* Exceptions for "TrainUp" folder in "TrainUpWidgetExtension" target */ = {
			isa = PBXFileSystemSynchronizedBuildFileExceptionSet;
			membershipExceptions = (
				Models/Item.swift,
				TrainUpApp.swift,
				Views/ContentView.swift,
				Views/SettingsView.swift,
			);
			target = 5AD5065A2D17229500E43865 /* TrainUpWidgetExtension */;
		};
/* End PBXFileSystemSynchronizedBuildFileExceptionSet section */

/* Begin PBXFileSystemSynchronizedRootGroup section */
		5AD505E82D168B8500E43865 /* TrainUp */ = {
			isa = PBXFileSystemSynchronizedRootGroup;
			exceptions = (
				5AD506862D186D1D00E43865 /* Exceptions for "TrainUp" folder in "TrainUpWidgetExtension" target */,
			);
			path = TrainUp;
			sourceTree = "<group>";
		};
		5AD505FB2D168B8600E43865 /* TrainUpTests */ = {
			isa = PBXFileSystemSynchronizedRootGroup;
			path = TrainUpTests;
			sourceTree = "<group>";
		};
		5AD506052D168B8600E43865 /* TrainUpUITests */ = {
			isa = PBXFileSystemSynchronizedRootGroup;
			path = TrainUpUITests;
			sourceTree = "<group>";
		};
		5AD506612D17229500E43865 /* TrainUpWidget */ = {
			isa = PBXFileSystemSynchronizedRootGroup;
			exceptions = (
				5AD506722D17229700E43865 /* Exceptions for "TrainUpWidget" folder in "TrainUpWidgetExtension" target */,
			);
			path = TrainUpWidget;
			sourceTree = "<group>";
		};
/* End PBXFileSystemSynchronizedRootGroup section */

/* Begin PBXFrameworksBuildPhase section */
		5AD505E32D168B8500E43865 /* Frameworks */ = {
			isa = PBXFrameworksBuildPhase;
			buildActionMask = 2147483647;
			files = (
			);
			runOnlyForDeploymentPostprocessing = 0;
		};
		5AD505F52D168B8600E43865 /* Frameworks */ = {
			isa = PBXFrameworksBuildPhase;
			buildActionMask = 2147483647;
			files = (
			);
			runOnlyForDeploymentPostprocessing = 0;
		};
		5AD505FF2D168B8600E43865 /* Frameworks */ = {
			isa = PBXFrameworksBuildPhase;
			buildActionMask = 2147483647;
			files = (
			);
			runOnlyForDeploymentPostprocessing = 0;
		};
		5AD506582D17229500E43865 /* Frameworks */ = {
			isa = PBXFrameworksBuildPhase;
			buildActionMask = 2147483647;
			files = (
				5AD506602D17229500E43865 /* SwiftUI.framework in Frameworks */,
				5AD5065E2D17229500E43865 /* WidgetKit.framework in Frameworks */,
			);
			runOnlyForDeploymentPostprocessing = 0;
		};
/* End PBXFrameworksBuildPhase section */

/* Begin PBXGroup section */
		5AD505DD2D168B8500E43865 = {
			isa = PBXGroup;
			children = (
				5AD5063F2D16B31200E43865 /* Localizable.xcstrings */,
				5AD505E82D168B8500E43865 /* TrainUp */,
				5AD505FB2D168B8600E43865 /* TrainUpTests */,
				5AD506052D168B8600E43865 /* TrainUpUITests */,
				5AD506612D17229500E43865 /* TrainUpWidget */,
				5AD5065C2D17229500E43865 /* Frameworks */,
				5AD505E72D168B8500E43865 /* Products */,
			);
			sourceTree = "<group>";
		};
		5AD505E72D168B8500E43865 /* Products */ = {
			isa = PBXGroup;
			children = (
				5AD505E62D168B8500E43865 /* TrainUp.app */,
				5AD505F82D168B8600E43865 /* TrainUpTests.xctest */,
				5AD506022D168B8600E43865 /* TrainUpUITests.xctest */,
				5AD5065B2D17229500E43865 /* TrainUpWidgetExtension.appex */,
			);
			name = Products;
			sourceTree = "<group>";
		};
		5AD5065C2D17229500E43865 /* Frameworks */ = {
			isa = PBXGroup;
			children = (
				5AD5065D2D17229500E43865 /* WidgetKit.framework */,
				5AD5065F2D17229500E43865 /* SwiftUI.framework */,
			);
			name = Frameworks;
			sourceTree = "<group>";
		};
/* End PBXGroup section */

/* Begin PBXNativeTarget section */
		5AD505E52D168B8500E43865 /* TrainUp */ = {
			isa = PBXNativeTarget;
			buildConfigurationList = 5AD5060C2D168B8600E43865 /* Build configuration list for PBXNativeTarget "TrainUp" */;
			buildPhases = (
				5AD505E22D168B8500E43865 /* Sources */,
				5AD505E32D168B8500E43865 /* Frameworks */,
				5AD505E42D168B8500E43865 /* Resources */,
				5AD506762D17229700E43865 /* Embed Foundation Extensions */,
			);
			buildRules = (
			);
			dependencies = (
				5AD506702D17229700E43865 /* PBXTargetDependency */,
			);
			fileSystemSynchronizedGroups = (
				5AD505E82D168B8500E43865 /* TrainUp */,
			);
			name = TrainUp;
			packageProductDependencies = (
			);
			productName = TrainUp;
			productReference = 5AD505E62D168B8500E43865 /* TrainUp.app */;
			productType = "com.apple.product-type.application";
		};
		5AD505F72D168B8600E43865 /* TrainUpTests */ = {
			isa = PBXNativeTarget;
			buildConfigurationList = 5AD5060F2D168B8600E43865 /* Build configuration list for PBXNativeTarget "TrainUpTests" */;
			buildPhases = (
				5AD505F42D168B8600E43865 /* Sources */,
				5AD505F52D168B8600E43865 /* Frameworks */,
				5AD505F62D168B8600E43865 /* Resources */,
			);
			buildRules = (
			);
			dependencies = (
				5AD505FA2D168B8600E43865 /* PBXTargetDependency */,
			);
			fileSystemSynchronizedGroups = (
				5AD505FB2D168B8600E43865 /* TrainUpTests */,
			);
			name = TrainUpTests;
			packageProductDependencies = (
			);
			productName = TrainUpTests;
			productReference = 5AD505F82D168B8600E43865 /* TrainUpTests.xctest */;
			productType = "com.apple.product-type.bundle.unit-test";
		};
		5AD506012D168B8600E43865 /* TrainUpUITests */ = {
			isa = PBXNativeTarget;
			buildConfigurationList = 5AD506122D168B8600E43865 /* Build configuration list for PBXNativeTarget "TrainUpUITests" */;
			buildPhases = (
				5AD505FE2D168B8600E43865 /* Sources */,
				5AD505FF2D168B8600E43865 /* Frameworks */,
				5AD506002D168B8600E43865 /* Resources */,
			);
			buildRules = (
			);
			dependencies = (
				5AD506042D168B8600E43865 /* PBXTargetDependency */,
			);
			fileSystemSynchronizedGroups = (
				5AD506052D168B8600E43865 /* TrainUpUITests */,
			);
			name = TrainUpUITests;
			packageProductDependencies = (
			);
			productName = TrainUpUITests;
			productReference = 5AD506022D168B8600E43865 /* TrainUpUITests.xctest */;
			productType = "com.apple.product-type.bundle.ui-testing";
		};
		5AD5065A2D17229500E43865 /* TrainUpWidgetExtension */ = {
			isa = PBXNativeTarget;
			buildConfigurationList = 5AD506732D17229700E43865 /* Build configuration list for PBXNativeTarget "TrainUpWidgetExtension" */;
			buildPhases = (
				5AD506572D17229500E43865 /* Sources */,
				5AD506582D17229500E43865 /* Frameworks */,
				5AD506592D17229500E43865 /* Resources */,
			);
			buildRules = (
			);
			dependencies = (
			);
			fileSystemSynchronizedGroups = (
				5AD505E82D168B8500E43865 /* TrainUp */,
				5AD506612D17229500E43865 /* TrainUpWidget */,
			);
			name = TrainUpWidgetExtension;
			packageProductDependencies = (
			);
			productName = TrainUpWidgetExtension;
			productReference = 5AD5065B2D17229500E43865 /* TrainUpWidgetExtension.appex */;
			productType = "com.apple.product-type.app-extension";
		};
/* End PBXNativeTarget section */

/* Begin PBXProject section */
		5AD505DE2D168B8500E43865 /* Project object */ = {
			isa = PBXProject;
			attributes = {
				BuildIndependentTargetsInParallel = 1;
				LastSwiftUpdateCheck = 1610;
				LastUpgradeCheck = 1610;
				TargetAttributes = {
					5AD505E52D168B8500E43865 = {
						CreatedOnToolsVersion = 16.1;
					};
					5AD505F72D168B8600E43865 = {
						CreatedOnToolsVersion = 16.1;
						TestTargetID = 5AD505E52D168B8500E43865;
					};
					5AD506012D168B8600E43865 = {
						CreatedOnToolsVersion = 16.1;
						TestTargetID = 5AD505E52D168B8500E43865;
					};
					5AD5065A2D17229500E43865 = {
						CreatedOnToolsVersion = 16.1;
					};
				};
			};
			buildConfigurationList = 5AD505E12D168B8500E43865 /* Build configuration list for PBXProject "TrainUp" */;
			developmentRegion = en;
			hasScannedForEncodings = 0;
			knownRegions = (
				en,
				Base,
				ja,
			);
			mainGroup = 5AD505DD2D168B8500E43865;
			minimizedProjectReferenceProxies = 1;
			preferredProjectObjectVersion = 77;
			productRefGroup = 5AD505E72D168B8500E43865 /* Products */;
			projectDirPath = "";
			projectRoot = "";
			targets = (
				5AD505E52D168B8500E43865 /* TrainUp */,
				5AD505F72D168B8600E43865 /* TrainUpTests */,
				5AD506012D168B8600E43865 /* TrainUpUITests */,
				5AD5065A2D17229500E43865 /* TrainUpWidgetExtension */,
			);
		};
/* End PBXProject section */

/* Begin PBXResourcesBuildPhase section */
		5AD505E42D168B8500E43865 /* Resources */ = {
			isa = PBXResourcesBuildPhase;
			buildActionMask = 2147483647;
			files = (
				5AD506402D16B31200E43865 /* Localizable.xcstrings in Resources */,
			);
			runOnlyForDeploymentPostprocessing = 0;
		};
		5AD505F62D168B8600E43865 /* Resources */ = {
			isa = PBXResourcesBuildPhase;
			buildActionMask = 2147483647;
			files = (
			);
			runOnlyForDeploymentPostprocessing = 0;
		};
		5AD506002D168B8600E43865 /* Resources */ = {
			isa = PBXResourcesBuildPhase;
			buildActionMask = 2147483647;
			files = (
			);
			runOnlyForDeploymentPostprocessing = 0;
		};
		5AD506592D17229500E43865 /* Resources */ = {
			isa = PBXResourcesBuildPhase;
			buildActionMask = 2147483647;
			files = (
			);
			runOnlyForDeploymentPostprocessing = 0;
		};
/* End PBXResourcesBuildPhase section */

/* Begin PBXSourcesBuildPhase section */
		5AD505E22D168B8500E43865 /* Sources */ = {
			isa = PBXSourcesBuildPhase;
			buildActionMask = 2147483647;
			files = (
			);
			runOnlyForDeploymentPostprocessing = 0;
		};
		5AD505F42D168B8600E43865 /* Sources */ = {
			isa = PBXSourcesBuildPhase;
			buildActionMask = 2147483647;
			files = (
			);
			runOnlyForDeploymentPostprocessing = 0;
		};
		5AD505FE2D168B8600E43865 /* Sources */ = {
			isa = PBXSourcesBuildPhase;
			buildActionMask = 2147483647;
			files = (
			);
			runOnlyForDeploymentPostprocessing = 0;
		};
		5AD506572D17229500E43865 /* Sources */ = {
			isa = PBXSourcesBuildPhase;
			buildActionMask = 2147483647;
			files = (
			);
			runOnlyForDeploymentPostprocessing = 0;
		};
/* End PBXSourcesBuildPhase section */

/* Begin PBXTargetDependency section */
		5AD505FA2D168B8600E43865 /* PBXTargetDependency */ = {
			isa = PBXTargetDependency;
			target = 5AD505E52D168B8500E43865 /* TrainUp */;
			targetProxy = 5AD505F92D168B8600E43865 /* PBXContainerItemProxy */;
		};
		5AD506042D168B8600E43865 /* PBXTargetDependency */ = {
			isa = PBXTargetDependency;
			target = 5AD505E52D168B8500E43865 /* TrainUp */;
			targetProxy = 5AD506032D168B8600E43865 /* PBXContainerItemProxy */;
		};
		5AD506702D17229700E43865 /* PBXTargetDependency */ = {
			isa = PBXTargetDependency;
			target = 5AD5065A2D17229500E43865 /* TrainUpWidgetExtension */;
			targetProxy = 5AD5066F2D17229700E43865 /* PBXContainerItemProxy */;
		};
/* End PBXTargetDependency section */

/* Begin XCBuildConfiguration section */
		5AD5060A2D168B8600E43865 /* Debug */ = {
			isa = XCBuildConfiguration;
			buildSettings = {
				ALWAYS_SEARCH_USER_PATHS = NO;
				ASSETCATALOG_COMPILER_GENERATE_SWIFT_ASSET_SYMBOL_EXTENSIONS = YES;
				CLANG_ANALYZER_NONNULL = YES;
				CLANG_ANALYZER_NUMBER_OBJECT_CONVERSION = YES_AGGRESSIVE;
				CLANG_CXX_LANGUAGE_STANDARD = "gnu++20";
				CLANG_ENABLE_MODULES = YES;
				CLANG_ENABLE_OBJC_ARC = YES;
				CLANG_ENABLE_OBJC_WEAK = YES;
				CLANG_WARN_BLOCK_CAPTURE_AUTORELEASING = YES;
				CLANG_WARN_BOOL_CONVERSION = YES;
				CLANG_WARN_COMMA = YES;
				CLANG_WARN_CONSTANT_CONVERSION = YES;
				CLANG_WARN_DEPRECATED_OBJC_IMPLEMENTATIONS = YES;
				CLANG_WARN_DIRECT_OBJC_ISA_USAGE = YES_ERROR;
				CLANG_WARN_DOCUMENTATION_COMMENTS = YES;
				CLANG_WARN_EMPTY_BODY = YES;
				CLANG_WARN_ENUM_CONVERSION = YES;
				CLANG_WARN_INFINITE_RECURSION = YES;
				CLANG_WARN_INT_CONVERSION = YES;
				CLANG_WARN_NON_LITERAL_NULL_CONVERSION = YES;
				CLANG_WARN_OBJC_IMPLICIT_RETAIN_SELF = YES;
				CLANG_WARN_OBJC_LITERAL_CONVERSION = YES;
				CLANG_WARN_OBJC_ROOT_CLASS = YES_ERROR;
				CLANG_WARN_QUOTED_INCLUDE_IN_FRAMEWORK_HEADER = YES;
				CLANG_WARN_RANGE_LOOP_ANALYSIS = YES;
				CLANG_WARN_STRICT_PROTOTYPES = YES;
				CLANG_WARN_SUSPICIOUS_MOVE = YES;
				CLANG_WARN_UNGUARDED_AVAILABILITY = YES_AGGRESSIVE;
				CLANG_WARN_UNREACHABLE_CODE = YES;
				CLANG_WARN__DUPLICATE_METHOD_MATCH = YES;
				COPY_PHASE_STRIP = NO;
				DEBUG_INFORMATION_FORMAT = dwarf;
				ENABLE_STRICT_OBJC_MSGSEND = YES;
				ENABLE_TESTABILITY = YES;
				ENABLE_USER_SCRIPT_SANDBOXING = YES;
				GCC_C_LANGUAGE_STANDARD = gnu17;
				GCC_DYNAMIC_NO_PIC = NO;
				GCC_NO_COMMON_BLOCKS = YES;
				GCC_OPTIMIZATION_LEVEL = 0;
				GCC_PREPROCESSOR_DEFINITIONS = (
					"DEBUG=1",
					"$(inherited)",
				);
				GCC_WARN_64_TO_32_BIT_CONVERSION = YES;
				GCC_WARN_ABOUT_RETURN_TYPE = YES_ERROR;
				GCC_WARN_UNDECLARED_SELECTOR = YES;
				GCC_WARN_UNINITIALIZED_AUTOS = YES_AGGRESSIVE;
				GCC_WARN_UNUSED_FUNCTION = YES;
				GCC_WARN_UNUSED_VARIABLE = YES;
				IPHONEOS_DEPLOYMENT_TARGET = 18.1;
				LOCALIZATION_PREFERS_STRING_CATALOGS = YES;
				MTL_ENABLE_DEBUG_INFO = INCLUDE_SOURCE;
				MTL_FAST_MATH = YES;
				ONLY_ACTIVE_ARCH = YES;
				SDKROOT = iphoneos;
				SWIFT_ACTIVE_COMPILATION_CONDITIONS = "DEBUG $(inherited)";
				SWIFT_EMIT_LOC_STRINGS = YES;
				SWIFT_OPTIMIZATION_LEVEL = "-Onone";
			};
			name = Debug;
		};
		5AD5060B2D168B8600E43865 /* Release */ = {
			isa = XCBuildConfiguration;
			buildSettings = {
				ALWAYS_SEARCH_USER_PATHS = NO;
				ASSETCATALOG_COMPILER_GENERATE_SWIFT_ASSET_SYMBOL_EXTENSIONS = YES;
				CLANG_ANALYZER_NONNULL = YES;
				CLANG_ANALYZER_NUMBER_OBJECT_CONVERSION = YES_AGGRESSIVE;
				CLANG_CXX_LANGUAGE_STANDARD = "gnu++20";
				CLANG_ENABLE_MODULES = YES;
				CLANG_ENABLE_OBJC_ARC = YES;
				CLANG_ENABLE_OBJC_WEAK = YES;
				CLANG_WARN_BLOCK_CAPTURE_AUTORELEASING = YES;
				CLANG_WARN_BOOL_CONVERSION = YES;
				CLANG_WARN_COMMA = YES;
				CLANG_WARN_CONSTANT_CONVERSION = YES;
				CLANG_WARN_DEPRECATED_OBJC_IMPLEMENTATIONS = YES;
				CLANG_WARN_DIRECT_OBJC_ISA_USAGE = YES_ERROR;
				CLANG_WARN_DOCUMENTATION_COMMENTS = YES;
				CLANG_WARN_EMPTY_BODY = YES;
				CLANG_WARN_ENUM_CONVERSION = YES;
				CLANG_WARN_INFINITE_RECURSION = YES;
				CLANG_WARN_INT_CONVERSION = YES;
				CLANG_WARN_NON_LITERAL_NULL_CONVERSION = YES;
				CLANG_WARN_OBJC_IMPLICIT_RETAIN_SELF = YES;
				CLANG_WARN_OBJC_LITERAL_CONVERSION = YES;
				CLANG_WARN_OBJC_ROOT_CLASS = YES_ERROR;
				CLANG_WARN_QUOTED_INCLUDE_IN_FRAMEWORK_HEADER = YES;
				CLANG_WARN_RANGE_LOOP_ANALYSIS = YES;
				CLANG_WARN_STRICT_PROTOTYPES = YES;
				CLANG_WARN_SUSPICIOUS_MOVE = YES;
				CLANG_WARN_UNGUARDED_AVAILABILITY = YES_AGGRESSIVE;
				CLANG_WARN_UNREACHABLE_CODE = YES;
				CLANG_WARN__DUPLICATE_METHOD_MATCH = YES;
				COPY_PHASE_STRIP = NO;
				DEBUG_INFORMATION_FORMAT = "dwarf-with-dsym";
				ENABLE_NS_ASSERTIONS = NO;
				ENABLE_STRICT_OBJC_MSGSEND = YES;
				ENABLE_USER_SCRIPT_SANDBOXING = YES;
				GCC_C_LANGUAGE_STANDARD = gnu17;
				GCC_NO_COMMON_BLOCKS = YES;
				GCC_WARN_64_TO_32_BIT_CONVERSION = YES;
				GCC_WARN_ABOUT_RETURN_TYPE = YES_ERROR;
				GCC_WARN_UNDECLARED_SELECTOR = YES;
				GCC_WARN_UNINITIALIZED_AUTOS = YES_AGGRESSIVE;
				GCC_WARN_UNUSED_FUNCTION = YES;
				GCC_WARN_UNUSED_VARIABLE = YES;
				IPHONEOS_DEPLOYMENT_TARGET = 18.1;
				LOCALIZATION_PREFERS_STRING_CATALOGS = YES;
				MTL_ENABLE_DEBUG_INFO = NO;
				MTL_FAST_MATH = YES;
				SDKROOT = iphoneos;
				SWIFT_COMPILATION_MODE = wholemodule;
				SWIFT_EMIT_LOC_STRINGS = YES;
				VALIDATE_PRODUCT = YES;
			};
			name = Release;
		};
		5AD5060D2D168B8600E43865 /* Debug */ = {
			isa = XCBuildConfiguration;
			buildSettings = {
				ASSETCATALOG_COMPILER_APPICON_NAME = AppIcon;
				ASSETCATALOG_COMPILER_GLOBAL_ACCENT_COLOR_NAME = AccentColor;
				CODE_SIGN_STYLE = Automatic;
				CURRENT_PROJECT_VERSION = 1;
				DEVELOPMENT_ASSET_PATHS = "\"TrainUp/Preview Content\"";
				DEVELOPMENT_TEAM = 55HRBZ3M9G;
				ENABLE_PREVIEWS = YES;
				GENERATE_INFOPLIST_FILE = YES;
				INFOPLIST_KEY_LSApplicationCategoryType = "public.app-category.travel";
				INFOPLIST_KEY_NSLocationAlwaysAndWhenInUseUsageDescription = "アプリがバックグラウンドでも最寄り駅を表示するために位置情報を使用します。";
				INFOPLIST_KEY_NSLocationAlwaysUsageDescription = "バックグラウンドで最寄り駅を表示するために位置情報を使用します。";
				INFOPLIST_KEY_NSLocationWhenInUseUsageDescription = "最寄り駅を検索するために位置情報を使用します。";
				INFOPLIST_KEY_UIApplicationSceneManifest_Generation = YES;
				INFOPLIST_KEY_UIApplicationSupportsIndirectInputEvents = YES;
				INFOPLIST_KEY_UILaunchScreen_Generation = YES;
				INFOPLIST_KEY_UISupportedInterfaceOrientations_iPad = "UIInterfaceOrientationPortrait UIInterfaceOrientationPortraitUpsideDown UIInterfaceOrientationLandscapeLeft UIInterfaceOrientationLandscapeRight";
				INFOPLIST_KEY_UISupportedInterfaceOrientations_iPhone = "UIInterfaceOrientationPortrait UIInterfaceOrientationLandscapeLeft UIInterfaceOrientationLandscapeRight";
				LD_RUNPATH_SEARCH_PATHS = (
					"$(inherited)",
					"@executable_path/Frameworks",
				);
				MARKETING_VERSION = 0.0.1;
				PRODUCT_BUNDLE_IDENTIFIER = com.tom96da.watsxn.TrainUp;
				PRODUCT_NAME = "$(TARGET_NAME)";
				SWIFT_EMIT_LOC_STRINGS = YES;
				SWIFT_VERSION = 5.0;
				TARGETED_DEVICE_FAMILY = "1,2";
			};
			name = Debug;
		};
		5AD5060E2D168B8600E43865 /* Release */ = {
			isa = XCBuildConfiguration;
			buildSettings = {
				ASSETCATALOG_COMPILER_APPICON_NAME = AppIcon;
				ASSETCATALOG_COMPILER_GLOBAL_ACCENT_COLOR_NAME = AccentColor;
				CODE_SIGN_STYLE = Automatic;
				CURRENT_PROJECT_VERSION = 1;
				DEVELOPMENT_ASSET_PATHS = "\"TrainUp/Preview Content\"";
				DEVELOPMENT_TEAM = 55HRBZ3M9G;
				ENABLE_PREVIEWS = YES;
				GENERATE_INFOPLIST_FILE = YES;
				INFOPLIST_KEY_LSApplicationCategoryType = "public.app-category.travel";
				INFOPLIST_KEY_NSLocationAlwaysAndWhenInUseUsageDescription = "アプリがバックグラウンドでも最寄り駅を表示するために位置情報を使用します。";
				INFOPLIST_KEY_NSLocationAlwaysUsageDescription = "バックグラウンドで最寄り駅を表示するために位置情報を使用します。";
				INFOPLIST_KEY_NSLocationWhenInUseUsageDescription = "最寄り駅を検索するために位置情報を使用します。";
				INFOPLIST_KEY_UIApplicationSceneManifest_Generation = YES;
				INFOPLIST_KEY_UIApplicationSupportsIndirectInputEvents = YES;
				INFOPLIST_KEY_UILaunchScreen_Generation = YES;
				INFOPLIST_KEY_UISupportedInterfaceOrientations_iPad = "UIInterfaceOrientationPortrait UIInterfaceOrientationPortraitUpsideDown UIInterfaceOrientationLandscapeLeft UIInterfaceOrientationLandscapeRight";
				INFOPLIST_KEY_UISupportedInterfaceOrientations_iPhone = "UIInterfaceOrientationPortrait UIInterfaceOrientationLandscapeLeft UIInterfaceOrientationLandscapeRight";
				LD_RUNPATH_SEARCH_PATHS = (
					"$(inherited)",
					"@executable_path/Frameworks",
				);
				MARKETING_VERSION = 0.0.1;
				PRODUCT_BUNDLE_IDENTIFIER = com.tom96da.watsxn.TrainUp;
				PRODUCT_NAME = "$(TARGET_NAME)";
				SWIFT_EMIT_LOC_STRINGS = YES;
				SWIFT_VERSION = 5.0;
				TARGETED_DEVICE_FAMILY = "1,2";
			};
			name = Release;
		};
		5AD506102D168B8600E43865 /* Debug */ = {
			isa = XCBuildConfiguration;
			buildSettings = {
				BUNDLE_LOADER = "$(TEST_HOST)";
				CODE_SIGN_STYLE = Automatic;
				CURRENT_PROJECT_VERSION = 1;
				DEVELOPMENT_TEAM = 55HRBZ3M9G;
				GENERATE_INFOPLIST_FILE = YES;
				IPHONEOS_DEPLOYMENT_TARGET = 18.1;
				MARKETING_VERSION = 1.0;
				PRODUCT_BUNDLE_IDENTIFIER = com.tom96da.watsxn.TrainUpTests;
				PRODUCT_NAME = "$(TARGET_NAME)";
				SWIFT_EMIT_LOC_STRINGS = NO;
				SWIFT_VERSION = 5.0;
				TARGETED_DEVICE_FAMILY = "1,2";
				TEST_HOST = "$(BUILT_PRODUCTS_DIR)/TrainUp.app/$(BUNDLE_EXECUTABLE_FOLDER_PATH)/TrainUp";
			};
			name = Debug;
		};
		5AD506112D168B8600E43865 /* Release */ = {
			isa = XCBuildConfiguration;
			buildSettings = {
				BUNDLE_LOADER = "$(TEST_HOST)";
				CODE_SIGN_STYLE = Automatic;
				CURRENT_PROJECT_VERSION = 1;
				DEVELOPMENT_TEAM = 55HRBZ3M9G;
				GENERATE_INFOPLIST_FILE = YES;
				IPHONEOS_DEPLOYMENT_TARGET = 18.1;
				MARKETING_VERSION = 1.0;
				PRODUCT_BUNDLE_IDENTIFIER = com.tom96da.watsxn.TrainUpTests;
				PRODUCT_NAME = "$(TARGET_NAME)";
				SWIFT_EMIT_LOC_STRINGS = NO;
				SWIFT_VERSION = 5.0;
				TARGETED_DEVICE_FAMILY = "1,2";
				TEST_HOST = "$(BUILT_PRODUCTS_DIR)/TrainUp.app/$(BUNDLE_EXECUTABLE_FOLDER_PATH)/TrainUp";
			};
			name = Release;
		};
		5AD506132D168B8600E43865 /* Debug */ = {
			isa = XCBuildConfiguration;
			buildSettings = {
				CODE_SIGN_STYLE = Automatic;
				CURRENT_PROJECT_VERSION = 1;
				DEVELOPMENT_TEAM = 55HRBZ3M9G;
				GENERATE_INFOPLIST_FILE = YES;
				MARKETING_VERSION = 1.0;
				PRODUCT_BUNDLE_IDENTIFIER = com.tom96da.watsxn.TrainUpUITests;
				PRODUCT_NAME = "$(TARGET_NAME)";
				SWIFT_EMIT_LOC_STRINGS = NO;
				SWIFT_VERSION = 5.0;
				TARGETED_DEVICE_FAMILY = "1,2";
				TEST_TARGET_NAME = TrainUp;
			};
			name = Debug;
		};
		5AD506142D168B8600E43865 /* Release */ = {
			isa = XCBuildConfiguration;
			buildSettings = {
				CODE_SIGN_STYLE = Automatic;
				CURRENT_PROJECT_VERSION = 1;
				DEVELOPMENT_TEAM = 55HRBZ3M9G;
				GENERATE_INFOPLIST_FILE = YES;
				MARKETING_VERSION = 1.0;
				PRODUCT_BUNDLE_IDENTIFIER = com.tom96da.watsxn.TrainUpUITests;
				PRODUCT_NAME = "$(TARGET_NAME)";
				SWIFT_EMIT_LOC_STRINGS = NO;
				SWIFT_VERSION = 5.0;
				TARGETED_DEVICE_FAMILY = "1,2";
				TEST_TARGET_NAME = TrainUp;
			};
			name = Release;
		};
		5AD506742D17229700E43865 /* Debug */ = {
			isa = XCBuildConfiguration;
			buildSettings = {
				ASSETCATALOG_COMPILER_GLOBAL_ACCENT_COLOR_NAME = AccentColor;
				ASSETCATALOG_COMPILER_WIDGET_BACKGROUND_COLOR_NAME = WidgetBackground;
				CODE_SIGN_STYLE = Automatic;
				CURRENT_PROJECT_VERSION = 1;
				DEVELOPMENT_TEAM = 55HRBZ3M9G;
				GENERATE_INFOPLIST_FILE = YES;
				INFOPLIST_FILE = TrainUpWidget/Info.plist;
				INFOPLIST_KEY_CFBundleDisplayName = TrainUpWidget;
				INFOPLIST_KEY_NSHumanReadableCopyright = "";
				LD_RUNPATH_SEARCH_PATHS = (
					"$(inherited)",
					"@executable_path/Frameworks",
					"@executable_path/../../Frameworks",
				);
				MARKETING_VERSION = 0.0.1;
				PRODUCT_BUNDLE_IDENTIFIER = com.tom96da.watsxn.TrainUp.TrainUpWidget;
				PRODUCT_NAME = "$(TARGET_NAME)";
				SKIP_INSTALL = YES;
				SWIFT_EMIT_LOC_STRINGS = YES;
				SWIFT_VERSION = 5.0;
				TARGETED_DEVICE_FAMILY = "1,2";
			};
			name = Debug;
		};
		5AD506752D17229700E43865 /* Release */ = {
			isa = XCBuildConfiguration;
			buildSettings = {
				ASSETCATALOG_COMPILER_GLOBAL_ACCENT_COLOR_NAME = AccentColor;
				ASSETCATALOG_COMPILER_WIDGET_BACKGROUND_COLOR_NAME = WidgetBackground;
				CODE_SIGN_STYLE = Automatic;
				CURRENT_PROJECT_VERSION = 1;
				DEVELOPMENT_TEAM = 55HRBZ3M9G;
				GENERATE_INFOPLIST_FILE = YES;
				INFOPLIST_FILE = TrainUpWidget/Info.plist;
				INFOPLIST_KEY_CFBundleDisplayName = TrainUpWidget;
				INFOPLIST_KEY_NSHumanReadableCopyright = "";
				LD_RUNPATH_SEARCH_PATHS = (
					"$(inherited)",
					"@executable_path/Frameworks",
					"@executable_path/../../Frameworks",
				);
				MARKETING_VERSION = 0.0.1;
				PRODUCT_BUNDLE_IDENTIFIER = com.tom96da.watsxn.TrainUp.TrainUpWidget;
				PRODUCT_NAME = "$(TARGET_NAME)";
				SKIP_INSTALL = YES;
				SWIFT_EMIT_LOC_STRINGS = YES;
				SWIFT_VERSION = 5.0;
				TARGETED_DEVICE_FAMILY = "1,2";
			};
			name = Release;
		};
/* End XCBuildConfiguration section */

/* Begin XCConfigurationList section */
		5AD505E12D168B8500E43865 /* Build configuration list for PBXProject "TrainUp" */ = {
			isa = XCConfigurationList;
			buildConfigurations = (
				5AD5060A2D168B8600E43865 /* Debug */,
				5AD5060B2D168B8600E43865 /* Release */,
			);
			defaultConfigurationIsVisible = 0;
			defaultConfigurationName = Release;
		};
		5AD5060C2D168B8600E43865 /* Build configuration list for PBXNativeTarget "TrainUp" */ = {
			isa = XCConfigurationList;
			buildConfigurations = (
				5AD5060D2D168B8600E43865 /* Debug */,
				5AD5060E2D168B8600E43865 /* Release */,
			);
			defaultConfigurationIsVisible = 0;
			defaultConfigurationName = Release;
		};
		5AD5060F2D168B8600E43865 /* Build configuration list for PBXNativeTarget "TrainUpTests" */ = {
			isa = XCConfigurationList;
			buildConfigurations = (
				5AD506102D168B8600E43865 /* Debug */,
				5AD506112D168B8600E43865 /* Release */,
			);
			defaultConfigurationIsVisible = 0;
			defaultConfigurationName = Release;
		};
		5AD506122D168B8600E43865 /* Build configuration list for PBXNativeTarget "TrainUpUITests" */ = {
			isa = XCConfigurationList;
			buildConfigurations = (
				5AD506132D168B8600E43865 /* Debug */,
				5AD506142D168B8600E43865 /* Release */,
			);
			defaultConfigurationIsVisible = 0;
			defaultConfigurationName = Release;
		};
		5AD506732D17229700E43865 /* Build configuration list for PBXNativeTarget "TrainUpWidgetExtension" */ = {
			isa = XCConfigurationList;
			buildConfigurations = (
				5AD506742D17229700E43865 /* Debug */,
				5AD506752D17229700E43865 /* Release */,
			);
			defaultConfigurationIsVisible = 0;
			defaultConfigurationName = Release;
		};
/* End XCConfigurationList section */
	};
	rootObject = 5AD505DE2D168B8500E43865 /* Project object */;
}
